
Microsoft Visual Studio Solution File, Format Version 12.00
# Visual Studio Version 16
VisualStudioVersion = 16.0.31313.79
MinimumVisualStudioVersion = 10.0.40219.1
Project("{9A19103F-16F7-4668-BE54-9A1E7A4F7556}") = "EvaluacionTecnica.Api", "EvaluacionTecnica.Api\EvaluacionTecnica.Api.csproj", "{C78A96C1-2C82-4B04-B2AD-41BCBFAD628B}"
EndProject
Project("{9A19103F-16F7-4668-BE54-9A1E7A4F7556}") = "EvaluacionTecnica.Repository", "EvaluacionTecnica.Repository\EvaluacionTecnica.Repository.csproj", "{9E6CB7F5-9C2A-4E34-967A-1CB48022F323}"
EndProject
Project("{00D1A9C2-B5F0-4AF3-8072-F6C62B433612}") = "EvaluacionTecnica.DataBase", "EvaluacionTecnica.DataBase\EvaluacionTecnica.DataBase.sqlproj", "{0282D029-FCD0-4C82-A92B-15ED3C3D7E77}"
EndProject
Global
	GlobalSection(SolutionConfigurationPlatforms) = preSolution
		Debug|Any CPU = Debug|Any CPU
		Release|Any CPU = Release|Any CPU
	EndGlobalSection
	GlobalSection(ProjectConfigurationPlatforms) = postSolution
		{C78A96C1-2C82-4B04-B2AD-41BCBFAD628B}.Debug|Any CPU.ActiveCfg = Debug|Any CPU
		{C78A96C1-2C82-4B04-B2AD-41BCBFAD628B}.Debug|Any CPU.Build.0 = Debug|Any CPU
		{C78A96C1-2C82-4B04-B2AD-41BCBFAD628B}.Release|Any CPU.ActiveCfg = Release|Any CPU
		{C78A96C1-2C82-4B04-B2AD-41BCBFAD628B}.Release|Any CPU.Build.0 = Release|Any CPU
		{9E6CB7F5-9C2A-4E34-967A-1CB48022F323}.Debug|Any CPU.ActiveCfg = Debug|Any CPU
		{9E6CB7F5-9C2A-4E34-967A-1CB48022F323}.Debug|Any CPU.Build.0 = Debug|Any CPU
		{9E6CB7F5-9C2A-4E34-967A-1CB48022F323}.Release|Any CPU.ActiveCfg = Release|Any CPU
		{9E6CB7F5-9C2A-4E34-967A-1CB48022F323}.Release|Any CPU.Build.0 = Release|Any CPU
		{0282D029-FCD0-4C82-A92B-15ED3C3D7E77}.Debug|Any CPU.ActiveCfg = Debug|Any CPU
		{0282D029-FCD0-4C82-A92B-15ED3C3D7E77}.Debug|Any CPU.Build.0 = Debug|Any CPU
		{0282D029-FCD0-4C82-A92B-15ED3C3D7E77}.Debug|Any CPU.Deploy.0 = Debug|Any CPU
		{0282D029-FCD0-4C82-A92B-15ED3C3D7E77}.Release|Any CPU.ActiveCfg = Release|Any CPU
		{0282D029-FCD0-4C82-A92B-15ED3C3D7E77}.Release|Any CPU.Build.0 = Release|Any CPU
		{0282D029-FCD0-4C82-A92B-15ED3C3D7E77}.Release|Any CPU.Deploy.0 = Release|Any CPU
	EndGlobalSection
	GlobalSection(SolutionProperties) = preSolution
		HideSolutionNode = FALSE
	EndGlobalSection
	GlobalSection(ExtensibilityGlobals) = postSolution
		SolutionGuid = {8AEFE23F-3FE4-49A3-84C1-891960E36EB7}
	EndGlobalSection
EndGlobal
